
Microsoft Visual Studio Solution File, Format Version 12.00
# Visual Studio Version 17
VisualStudioVersion = 17.9.34723.18
MinimumVisualStudioVersion = 10.0.40219.1
Project("{FAE04EC0-301F-11D3-BF4B-00C04F79EFBC}") = "Abstract_interface_demo_130524", "Abstract_interface_demo_130524.csproj", "{83BB1F37-5B07-4006-B1C4-47CC8D6116B3}"
EndProject
Global
	GlobalSection(SolutionConfigurationPlatforms) = preSolution
		Debug|Any CPU = Debug|Any CPU
		Release|Any CPU = Release|Any CPU
	EndGlobalSection
	GlobalSection(ProjectConfigurationPlatforms) = postSolution
		{83BB1F37-5B07-4006-B1C4-47CC8D6116B3}.Debug|Any CPU.ActiveCfg = Debug|Any CPU
		{83BB1F37-5B07-4006-B1C4-47CC8D6116B3}.Debug|Any CPU.Build.0 = Debug|Any CPU
		{83BB1F37-5B07-4006-B1C4-47CC8D6116B3}.Release|Any CPU.ActiveCfg = Release|Any CPU
		{83BB1F37-5B07-4006-B1C4-47CC8D6116B3}.Release|Any CPU.Build.0 = Release|Any CPU
	EndGlobalSection
	GlobalSection(SolutionProperties) = preSolution
		HideSolutionNode = FALSE
	EndGlobalSection
	GlobalSection(ExtensibilityGlobals) = postSolution
		SolutionGuid = {20686DE7-8F25-4E2B-8D28-8DF62998BB79}
	EndGlobalSection
EndGlobal
